
Microsoft Visual Studio Solution File, Format Version 12.00
# Visual Studio Version 17
VisualStudioVersion = 17.2.32516.85
MinimumVisualStudioVersion = 10.0.40219.1
Project("{FAE04EC0-301F-11D3-BF4B-00C04F79EFBC}") = "Hospital App", "Hospital App.csproj", "{A02C16E7-C469-4623-9A15-A02B1D1980C1}"
EndProject
Global
	GlobalSection(SolutionConfigurationPlatforms) = preSolution
		Debug|Any CPU = Debug|Any CPU
		Release|Any CPU = Release|Any CPU
	EndGlobalSection
	GlobalSection(ProjectConfigurationPlatforms) = postSolution
		{A02C16E7-C469-4623-9A15-A02B1D1980C1}.Debug|Any CPU.ActiveCfg = Debug|Any CPU
		{A02C16E7-C469-4623-9A15-A02B1D1980C1}.Debug|Any CPU.Build.0 = Debug|Any CPU
		{A02C16E7-C469-4623-9A15-A02B1D1980C1}.Release|Any CPU.ActiveCfg = Release|Any CPU
		{A02C16E7-C469-4623-9A15-A02B1D1980C1}.Release|Any CPU.Build.0 = Release|Any CPU
	EndGlobalSection
	GlobalSection(SolutionProperties) = preSolution
		HideSolutionNode = FALSE
	EndGlobalSection
	GlobalSection(ExtensibilityGlobals) = postSolution
		SolutionGuid = {D3070C6E-0F83-4F98-9857-F32D6BD8BA85}
	EndGlobalSection
EndGlobal
